
Microsoft Visual Studio Solution File, Format Version 12.00
# Visual Studio 14
VisualStudioVersion = 14.0.25123.0
MinimumVisualStudioVersion = 10.0.40219.1
Project("{FAE04EC0-301F-11D3-BF4B-00C04F79EFBC}") = "IOSP.Core", "IOSP.Core\IOSP.Core.csproj", "{738789C8-58C1-429A-B628-DA7B8A31FEC6}"
EndProject
Project("{FAE04EC0-301F-11D3-BF4B-00C04F79EFBC}") = "IOSP.Business", "IOSP.Business\IOSP.Business.csproj", "{96DD4245-93B6-4E9F-9167-55A56FB9D668}"
EndProject
Project("{FAE04EC0-301F-11D3-BF4B-00C04F79EFBC}") = "IOSP.Repository", "IOSP.Data\IOSP.Repository.csproj", "{61029CB9-38F4-4F5D-A30D-7FF328F14F74}"
EndProject
Project("{2150E333-8FDC-42A3-9474-1A3956D46DE8}") = "00_Core", "00_Core", "{271FB894-E9AA-465A-973D-C52151782AAE}"
EndProject
Project("{2150E333-8FDC-42A3-9474-1A3956D46DE8}") = "01_Presentation", "01_Presentation", "{8BBB24BF-5FE7-43A5-89D7-B7C6075EA732}"
EndProject
Project("{2150E333-8FDC-42A3-9474-1A3956D46DE8}") = "02_Business", "02_Business", "{26E05C71-1D56-4038-B1B2-E8DA50C7708C}"
EndProject
Project("{2150E333-8FDC-42A3-9474-1A3956D46DE8}") = "03_Data", "03_Data", "{D41219CE-A3E0-4C3D-BED8-F738B81CD7E9}"
EndProject
Project("{FAE04EC0-301F-11D3-BF4B-00C04F79EFBC}") = "IOSP.Console", "IOSP.Console\IOSP.Console.csproj", "{0BCD42D8-DCC5-4D3A-B96C-BD3F3EF9D103}"
EndProject
Global
	GlobalSection(SolutionConfigurationPlatforms) = preSolution
		Debug|Any CPU = Debug|Any CPU
		Release|Any CPU = Release|Any CPU
	EndGlobalSection
	GlobalSection(ProjectConfigurationPlatforms) = postSolution
		{738789C8-58C1-429A-B628-DA7B8A31FEC6}.Debug|Any CPU.ActiveCfg = Debug|Any CPU
		{738789C8-58C1-429A-B628-DA7B8A31FEC6}.Debug|Any CPU.Build.0 = Debug|Any CPU
		{738789C8-58C1-429A-B628-DA7B8A31FEC6}.Release|Any CPU.ActiveCfg = Release|Any CPU
		{738789C8-58C1-429A-B628-DA7B8A31FEC6}.Release|Any CPU.Build.0 = Release|Any CPU
		{96DD4245-93B6-4E9F-9167-55A56FB9D668}.Debug|Any CPU.ActiveCfg = Debug|Any CPU
		{96DD4245-93B6-4E9F-9167-55A56FB9D668}.Debug|Any CPU.Build.0 = Debug|Any CPU
		{96DD4245-93B6-4E9F-9167-55A56FB9D668}.Release|Any CPU.ActiveCfg = Release|Any CPU
		{96DD4245-93B6-4E9F-9167-55A56FB9D668}.Release|Any CPU.Build.0 = Release|Any CPU
		{61029CB9-38F4-4F5D-A30D-7FF328F14F74}.Debug|Any CPU.ActiveCfg = Debug|Any CPU
		{61029CB9-38F4-4F5D-A30D-7FF328F14F74}.Debug|Any CPU.Build.0 = Debug|Any CPU
		{61029CB9-38F4-4F5D-A30D-7FF328F14F74}.Release|Any CPU.ActiveCfg = Release|Any CPU
		{61029CB9-38F4-4F5D-A30D-7FF328F14F74}.Release|Any CPU.Build.0 = Release|Any CPU
		{0BCD42D8-DCC5-4D3A-B96C-BD3F3EF9D103}.Debug|Any CPU.ActiveCfg = Debug|Any CPU
		{0BCD42D8-DCC5-4D3A-B96C-BD3F3EF9D103}.Debug|Any CPU.Build.0 = Debug|Any CPU
		{0BCD42D8-DCC5-4D3A-B96C-BD3F3EF9D103}.Release|Any CPU.ActiveCfg = Release|Any CPU
		{0BCD42D8-DCC5-4D3A-B96C-BD3F3EF9D103}.Release|Any CPU.Build.0 = Release|Any CPU
	EndGlobalSection
	GlobalSection(SolutionProperties) = preSolution
		HideSolutionNode = FALSE
	EndGlobalSection
	GlobalSection(NestedProjects) = preSolution
		{738789C8-58C1-429A-B628-DA7B8A31FEC6} = {271FB894-E9AA-465A-973D-C52151782AAE}
		{96DD4245-93B6-4E9F-9167-55A56FB9D668} = {26E05C71-1D56-4038-B1B2-E8DA50C7708C}
		{61029CB9-38F4-4F5D-A30D-7FF328F14F74} = {D41219CE-A3E0-4C3D-BED8-F738B81CD7E9}
		{0BCD42D8-DCC5-4D3A-B96C-BD3F3EF9D103} = {8BBB24BF-5FE7-43A5-89D7-B7C6075EA732}
	EndGlobalSection
EndGlobal
